// !$*UTF8*$!
{
	archiveVersion = 1;
	classes = {
	};
	objectVersion = 77;
	objects = {

/* Begin PBXBuildFile section */
		294B77E72FE7EB1D00ABC099 /* Dependencies in Frameworks */ = {isa = PBXBuildFile; productRef = 294B77E62FE7EB1D00ABC099 /* Dependencies */; };
		294B77E92FE7EB1D00ABC099 /* DependenciesMacros in Frameworks */ = {isa = PBXBuildFile; productRef = 294B77E82FE7EB1D00ABC099 /* DependenciesMacros */; };
		294B77EB2FE7EB1D00ABC099 /* DependenciesTestSupport in Frameworks */ = {isa = PBXBuildFile; productRef = 294B77EA2FE7EB1D00ABC099 /* DependenciesTestSupport */; };
/* End PBXBuildFile section */

/* Begin PBXContainerItemProxy section */
		29F269072FE71C4900D1CF7E /* PBXContainerItemProxy */ = {
			isa = PBXContainerItemProxy;
			containerPortal = 29F268F12FE71C4800D1CF7E /* Project object */;
			proxyType = 1;
			remoteGlobalIDString = 29F268F82FE71C4800D1CF7E;
			remoteInfo = "AllMyStuff";
		};
		29F269112FE71C4900D1CF7E /* PBXContainerItemProxy */ = {
			isa = PBXContainerItemProxy;
			containerPortal = 29F268F12FE71C4800D1CF7E /* Project object */;
			proxyType = 1;
			remoteGlobalIDString = 29F268F82FE71C4800D1CF7E;
			remoteInfo = "AllMyStuff";
		};
/* End PBXContainerItemProxy section */

/* Begin PBXFileReference section */
		29F268F92FE71C4800D1CF7E /* AllMyStuff.app */ = {isa = PBXFileReference; explicitFileType = wrapper.application; includeInIndex = 0; path = "AllMyStuff.app"; sourceTree = BUILT_PRODUCTS_DIR; };
		29F269062FE71C4900D1CF7E /* AllMyStuffTests.xctest */ = {isa = PBXFileReference; explicitFileType = wrapper.cfbundle; includeInIndex = 0; path = "AllMyStuffTests.xctest"; sourceTree = BUILT_PRODUCTS_DIR; };
		29F269102FE71C4900D1CF7E /* AllMyStuffUITests.xctest */ = {isa = PBXFileReference; explicitFileType = wrapper.cfbundle; includeInIndex = 0; path = "AllMyStuffUITests.xctest"; sourceTree = BUILT_PRODUCTS_DIR; };
/* End PBXFileReference section */

/* Begin PBXFileSystemSynchronizedRootGroup section */
		29F268FB2FE71C4800D1CF7E /* AllMyStuff */ = {
			isa = PBXFileSystemSynchronizedRootGroup;
			path = "AllMyStuff";
			sourceTree = "<group>";
		};
		29F269092FE71C4900D1CF7E /* AllMyStuffTests */ = {
			isa = PBXFileSystemSynchronizedRootGroup;
			path = "AllMyStuffTests";
			sourceTree = "<group>";
		};
		29F269132FE71C4900D1CF7E /* AllMyStuffUITests */ = {
			isa = PBXFileSystemSynchronizedRootGroup;
			path = "AllMyStuffUITests";
			sourceTree = "<group>";
		};
/* End PBXFileSystemSynchronizedRootGroup section */

/* Begin PBXFrameworksBuildPhase section */
		29F268F62FE71C4800D1CF7E /* Frameworks */ = {
			isa = PBXFrameworksBuildPhase;
			buildActionMask = 2147483647;
			files = (
				294B77E92FE7EB1D00ABC099 /* DependenciesMacros in Frameworks */,
				294B77E72FE7EB1D00ABC099 /* Dependencies in Frameworks */,
			);
			runOnlyForDeploymentPostprocessing = 0;
		};
		29F269032FE71C4900D1CF7E /* Frameworks */ = {
			isa = PBXFrameworksBuildPhase;
			buildActionMask = 2147483647;
			files = (
				294B77EB2FE7EB1D00ABC099 /* DependenciesTestSupport in Frameworks */,
			);
			runOnlyForDeploymentPostprocessing = 0;
		};
		29F2690D2FE71C4900D1CF7E /* Frameworks */ = {
			isa = PBXFrameworksBuildPhase;
			buildActionMask = 2147483647;
			files = (
			);
			runOnlyForDeploymentPostprocessing = 0;
		};
/* End PBXFrameworksBuildPhase section */

/* Begin PBXGroup section */
		29F268F02FE71C4800D1CF7E = {
			isa = PBXGroup;
			children = (
				29F268FB2FE71C4800D1CF7E /* AllMyStuff */,
				29F269092FE71C4900D1CF7E /* AllMyStuffTests */,
				29F269132FE71C4900D1CF7E /* AllMyStuffUITests */,
				29F268FA2FE71C4800D1CF7E /* Products */,
			);
			sourceTree = "<group>";
		};
		29F268FA2FE71C4800D1CF7E /* Products */ = {
			isa = PBXGroup;
			children = (
				29F268F92FE71C4800D1CF7E /* AllMyStuff.app */,
				29F269062FE71C4900D1CF7E /* AllMyStuffTests.xctest */,
				29F269102FE71C4900D1CF7E /* AllMyStuffUITests.xctest */,
			);
			name = Products;
			sourceTree = "<group>";
		};
/* End PBXGroup section */

/* Begin PBXNativeTarget section */
		29F268F82FE71C4800D1CF7E /* AllMyStuff */ = {
			isa = PBXNativeTarget;
			buildConfigurationList = 29F2691A2FE71C4A00D1CF7E /* Build configuration list for PBXNativeTarget "AllMyStuff" */;
			buildPhases = (
				29F268F52FE71C4800D1CF7E /* Sources */,
				29F268F62FE71C4800D1CF7E /* Frameworks */,
				29F268F72FE71C4800D1CF7E /* Resources */,
			);
			buildRules = (
			);
			dependencies = (
			);
			fileSystemSynchronizedGroups = (
				29F268FB2FE71C4800D1CF7E /* AllMyStuff */,
			);
			name = "AllMyStuff";
			packageProductDependencies = (
				294B77E62FE7EB1D00ABC099 /* Dependencies */,
				294B77E82FE7EB1D00ABC099 /* DependenciesMacros */,
			);
			productName = "AllMyStuff";
			productReference = 29F268F92FE71C4800D1CF7E /* AllMyStuff.app */;
			productType = "com.apple.product-type.application";
		};
		29F269052FE71C4900D1CF7E /* AllMyStuffTests */ = {
			isa = PBXNativeTarget;
			buildConfigurationList = 29F2691D2FE71C4A00D1CF7E /* Build configuration list for PBXNativeTarget "AllMyStuffTests" */;
			buildPhases = (
				29F269022FE71C4900D1CF7E /* Sources */,
				29F269032FE71C4900D1CF7E /* Frameworks */,
				29F269042FE71C4900D1CF7E /* Resources */,
			);
			buildRules = (
			);
			dependencies = (
				29F269082FE71C4900D1CF7E /* PBXTargetDependency */,
			);
			fileSystemSynchronizedGroups = (
				29F269092FE71C4900D1CF7E /* AllMyStuffTests */,
			);
			name = "AllMyStuffTests";
			packageProductDependencies = (
				294B77EA2FE7EB1D00ABC099 /* DependenciesTestSupport */,
			);
			productName = "AllMyStuffTests";
			productReference = 29F269062FE71C4900D1CF7E /* AllMyStuffTests.xctest */;
			productType = "com.apple.product-type.bundle.unit-test";
		};
		29F2690F2FE71C4900D1CF7E /* AllMyStuffUITests */ = {
			isa = PBXNativeTarget;
			buildConfigurationList = 29F269202FE71C4A00D1CF7E /* Build configuration list for PBXNativeTarget "AllMyStuffUITests" */;
			buildPhases = (
				29F2690C2FE71C4900D1CF7E /* Sources */,
				29F2690D2FE71C4900D1CF7E /* Frameworks */,
				29F2690E2FE71C4900D1CF7E /* Resources */,
			);
			buildRules = (
			);
			dependencies = (
				29F269122FE71C4900D1CF7E /* PBXTargetDependency */,
			);
			fileSystemSynchronizedGroups = (
				29F269132FE71C4900D1CF7E /* AllMyStuffUITests */,
			);
			name = "AllMyStuffUITests";
			packageProductDependencies = (
			);
			productName = "AllMyStuffUITests";
			productReference = 29F269102FE71C4900D1CF7E /* AllMyStuffUITests.xctest */;
			productType = "com.apple.product-type.bundle.ui-testing";
		};
/* End PBXNativeTarget section */

/* Begin PBXProject section */
		29F268F12FE71C4800D1CF7E /* Project object */ = {
			isa = PBXProject;
			attributes = {
				BuildIndependentTargetsInParallel = 1;
				LastSwiftUpdateCheck = 2660;
				LastUpgradeCheck = 2700;
				TargetAttributes = {
					29F268F82FE71C4800D1CF7E = {
						CreatedOnToolsVersion = 26.6;
					};
					29F269052FE71C4900D1CF7E = {
						CreatedOnToolsVersion = 26.6;
						TestTargetID = 29F268F82FE71C4800D1CF7E;
					};
					29F2690F2FE71C4900D1CF7E = {
						CreatedOnToolsVersion = 26.6;
						TestTargetID = 29F268F82FE71C4800D1CF7E;
					};
				};
			};
			buildConfigurationList = 29F268F42FE71C4800D1CF7E /* Build configuration list for PBXProject "AllMyStuff" */;
			developmentRegion = en;
			hasScannedForEncodings = 0;
			knownRegions = (
				en,
				Base,
			);
			mainGroup = 29F268F02FE71C4800D1CF7E;
			minimizedProjectReferenceProxies = 1;
			packageReferences = (
				294B77E52FE7EB1D00ABC099 /* XCRemoteSwiftPackageReference "swift-dependencies" */,
			);
			preferredProjectObjectVersion = 77;
			productRefGroup = 29F268FA2FE71C4800D1CF7E /* Products */;
			projectDirPath = "";
			projectRoot = "";
			targets = (
				29F268F82FE71C4800D1CF7E /* AllMyStuff */,
				29F269052FE71C4900D1CF7E /* AllMyStuffTests */,
				29F2690F2FE71C4900D1CF7E /* AllMyStuffUITests */,
			);
		};
/* End PBXProject section */

/* Begin PBXResourcesBuildPhase section */
		29F268F72FE71C4800D1CF7E /* Resources */ = {
			isa = PBXResourcesBuildPhase;
			buildActionMask = 2147483647;
			files = (
			);
			runOnlyForDeploymentPostprocessing = 0;
		};
		29F269042FE71C4900D1CF7E /* Resources */ = {
			isa = PBXResourcesBuildPhase;
			buildActionMask = 2147483647;
			files = (
			);
			runOnlyForDeploymentPostprocessing = 0;
		};
		29F2690E2FE71C4900D1CF7E /* Resources */ = {
			isa = PBXResourcesBuildPhase;
			buildActionMask = 2147483647;
			files = (
			);
			runOnlyForDeploymentPostprocessing = 0;
		};
/* End PBXResourcesBuildPhase section */

/* Begin PBXSourcesBuildPhase section */
		29F268F52FE71C4800D1CF7E /* Sources */ = {
			isa = PBXSourcesBuildPhase;
			buildActionMask = 2147483647;
			files = (
			);
			runOnlyForDeploymentPostprocessing = 0;
		};
		29F269022FE71C4900D1CF7E /* Sources */ = {
			isa = PBXSourcesBuildPhase;
			buildActionMask = 2147483647;
			files = (
			);
			runOnlyForDeploymentPostprocessing = 0;
		};
		29F2690C2FE71C4900D1CF7E /* Sources */ = {
			isa = PBXSourcesBuildPhase;
			buildActionMask = 2147483647;
			files = (
			);
			runOnlyForDeploymentPostprocessing = 0;
		};
/* End PBXSourcesBuildPhase section */

/* Begin PBXTargetDependency section */
		29F269082FE71C4900D1CF7E /* PBXTargetDependency */ = {
			isa = PBXTargetDependency;
			target = 29F268F82FE71C4800D1CF7E /* AllMyStuff */;
			targetProxy = 29F269072FE71C4900D1CF7E /* PBXContainerItemProxy */;
		};
		29F269122FE71C4900D1CF7E /* PBXTargetDependency */ = {
			isa = PBXTargetDependency;
			target = 29F268F82FE71C4800D1CF7E /* AllMyStuff */;
			targetProxy = 29F269112FE71C4900D1CF7E /* PBXContainerItemProxy */;
		};
/* End PBXTargetDependency section */

/* Begin XCBuildConfiguration section */
		29F269182FE71C4A00D1CF7E /* Debug */ = {
			isa = XCBuildConfiguration;
			buildSettings = {
				ALWAYS_SEARCH_USER_PATHS = NO;
				ASSETCATALOG_COMPILER_GENERATE_SWIFT_ASSET_SYMBOL_EXTENSIONS = YES;
				CLANG_ANALYZER_NONNULL = YES;
				CLANG_ANALYZER_NUMBER_OBJECT_CONVERSION = YES_AGGRESSIVE;
				CLANG_CXX_LANGUAGE_STANDARD = "gnu++20";
				CLANG_ENABLE_MODULES = YES;
				CLANG_ENABLE_OBJC_ARC = YES;
				CLANG_ENABLE_OBJC_WEAK = YES;
				CLANG_WARN_BLOCK_CAPTURE_AUTORELEASING = YES;
				CLANG_WARN_BOOL_CONVERSION = YES;
				CLANG_WARN_COMMA = YES;
				CLANG_WARN_CONSTANT_CONVERSION = YES;
				CLANG_WARN_DEPRECATED_OBJC_IMPLEMENTATIONS = YES;
				CLANG_WARN_DIRECT_OBJC_ISA_USAGE = YES_ERROR;
				CLANG_WARN_DOCUMENTATION_COMMENTS = YES;
				CLANG_WARN_EMPTY_BODY = YES;
				CLANG_WARN_ENUM_CONVERSION = YES;
				CLANG_WARN_INFINITE_RECURSION = YES;
				CLANG_WARN_INT_CONVERSION = YES;
				CLANG_WARN_NON_LITERAL_NULL_CONVERSION = YES;
				CLANG_WARN_OBJC_IMPLICIT_RETAIN_SELF = YES;
				CLANG_WARN_OBJC_LITERAL_CONVERSION = YES;
				CLANG_WARN_OBJC_ROOT_CLASS = YES_ERROR;
				CLANG_WARN_QUOTED_INCLUDE_IN_FRAMEWORK_HEADER = YES;
				CLANG_WARN_RANGE_LOOP_ANALYSIS = YES;
				CLANG_WARN_STRICT_PROTOTYPES = YES;
				CLANG_WARN_SUSPICIOUS_MOVE = YES;
				CLANG_WARN_UNGUARDED_AVAILABILITY = YES_AGGRESSIVE;
				CLANG_WARN_UNREACHABLE_CODE = YES;
				CLANG_WARN__DUPLICATE_METHOD_MATCH = YES;
				COPY_PHASE_STRIP = NO;
				DEBUG_INFORMATION_FORMAT = dwarf;
				DEVELOPMENT_TEAM = FE6WMDZ3AJ;
				ENABLE_STRICT_OBJC_MSGSEND = YES;
				ENABLE_TESTABILITY = YES;
				ENABLE_USER_SCRIPT_SANDBOXING = YES;
				GCC_C_LANGUAGE_STANDARD = gnu17;
				GCC_DYNAMIC_NO_PIC = NO;
				GCC_NO_COMMON_BLOCKS = YES;
				GCC_OPTIMIZATION_LEVEL = 0;
				GCC_PREPROCESSOR_DEFINITIONS = (
					"DEBUG=1",
					"$(inherited)",
				);
				GCC_WARN_64_TO_32_BIT_CONVERSION = YES;
				GCC_WARN_ABOUT_RETURN_TYPE = YES_ERROR;
				GCC_WARN_UNDECLARED_SELECTOR = YES;
				GCC_WARN_UNINITIALIZED_AUTOS = YES_AGGRESSIVE;
				GCC_WARN_UNUSED_FUNCTION = YES;
				GCC_WARN_UNUSED_VARIABLE = YES;
				IPHONEOS_DEPLOYMENT_TARGET = 26.5;
				LOCALIZATION_PREFERS_STRING_CATALOGS = YES;
				MTL_ENABLE_DEBUG_INFO = INCLUDE_SOURCE;
				MTL_FAST_MATH = YES;
				ONLY_ACTIVE_ARCH = YES;
				SDKROOT = iphoneos;
				STRING_CATALOG_GENERATE_SYMBOLS = YES;
				SWIFT_ACTIVE_COMPILATION_CONDITIONS = "DEBUG $(inherited)";
				SWIFT_OPTIMIZATION_LEVEL = "-Onone";
			};
			name = Debug;
		};
		29F269192FE71C4A00D1CF7E /* Release */ = {
			isa = XCBuildConfiguration;
			buildSettings = {
				ALWAYS_SEARCH_USER_PATHS = NO;
				ASSETCATALOG_COMPILER_GENERATE_SWIFT_ASSET_SYMBOL_EXTENSIONS = YES;
				CLANG_ANALYZER_NONNULL = YES;
				CLANG_ANALYZER_NUMBER_OBJECT_CONVERSION = YES_AGGRESSIVE;
				CLANG_CXX_LANGUAGE_STANDARD = "gnu++20";
				CLANG_ENABLE_MODULES = YES;
				CLANG_ENABLE_OBJC_ARC = YES;
				CLANG_ENABLE_OBJC_WEAK = YES;
				CLANG_WARN_BLOCK_CAPTURE_AUTORELEASING = YES;
				CLANG_WARN_BOOL_CONVERSION = YES;
				CLANG_WARN_COMMA = YES;
				CLANG_WARN_CONSTANT_CONVERSION = YES;
				CLANG_WARN_DEPRECATED_OBJC_IMPLEMENTATIONS = YES;
				CLANG_WARN_DIRECT_OBJC_ISA_USAGE = YES_ERROR;
				CLANG_WARN_DOCUMENTATION_COMMENTS = YES;
				CLANG_WARN_EMPTY_BODY = YES;
				CLANG_WARN_ENUM_CONVERSION = YES;
				CLANG_WARN_INFINITE_RECURSION = YES;
				CLANG_WARN_INT_CONVERSION = YES;
				CLANG_WARN_NON_LITERAL_NULL_CONVERSION = YES;
				CLANG_WARN_OBJC_IMPLICIT_RETAIN_SELF = YES;
				CLANG_WARN_OBJC_LITERAL_CONVERSION = YES;
				CLANG_WARN_OBJC_ROOT_CLASS = YES_ERROR;
				CLANG_WARN_QUOTED_INCLUDE_IN_FRAMEWORK_HEADER = YES;
				CLANG_WARN_RANGE_LOOP_ANALYSIS = YES;
				CLANG_WARN_STRICT_PROTOTYPES = YES;
				CLANG_WARN_SUSPICIOUS_MOVE = YES;
				CLANG_WARN_UNGUARDED_AVAILABILITY = YES_AGGRESSIVE;
				CLANG_WARN_UNREACHABLE_CODE = YES;
				CLANG_WARN__DUPLICATE_METHOD_MATCH = YES;
				COPY_PHASE_STRIP = NO;
				DEBUG_INFORMATION_FORMAT = "dwarf-with-dsym";
				DEVELOPMENT_TEAM = FE6WMDZ3AJ;
				ENABLE_NS_ASSERTIONS = NO;
				ENABLE_STRICT_OBJC_MSGSEND = YES;
				ENABLE_USER_SCRIPT_SANDBOXING = YES;
				GCC_C_LANGUAGE_STANDARD = gnu17;
				GCC_NO_COMMON_BLOCKS = YES;
				GCC_WARN_64_TO_32_BIT_CONVERSION = YES;
				GCC_WARN_ABOUT_RETURN_TYPE = YES_ERROR;
				GCC_WARN_UNDECLARED_SELECTOR = YES;
				GCC_WARN_UNINITIALIZED_AUTOS = YES_AGGRESSIVE;
				GCC_WARN_UNUSED_FUNCTION = YES;
				GCC_WARN_UNUSED_VARIABLE = YES;
				IPHONEOS_DEPLOYMENT_TARGET = 26.5;
				LOCALIZATION_PREFERS_STRING_CATALOGS = YES;
				MTL_ENABLE_DEBUG_INFO = NO;
				MTL_FAST_MATH = YES;
				SDKROOT = iphoneos;
				STRING_CATALOG_GENERATE_SYMBOLS = YES;
				SWIFT_COMPILATION_MODE = wholemodule;
				VALIDATE_PRODUCT = YES;
			};
			name = Release;
		};
		29F2691B2FE71C4A00D1CF7E /* Debug */ = {
			isa = XCBuildConfiguration;
			buildSettings = {
				ASSETCATALOG_COMPILER_APPICON_NAME = AppIcon;
				ASSETCATALOG_COMPILER_GLOBAL_ACCENT_COLOR_NAME = AccentColor;
				CODE_SIGN_ENTITLEMENTS = "AllMyStuff/AllMyStuff.entitlements";
				CODE_SIGN_STYLE = Automatic;
				CURRENT_PROJECT_VERSION = 1;
				DEVELOPMENT_TEAM = FE6WMDZ3AJ;
				ENABLE_PREVIEWS = YES;
				GENERATE_INFOPLIST_FILE = YES;
				INFOPLIST_FILE = "All-my-stuff-Info.plist";
				INFOPLIST_KEY_NSCameraUsageDescription = "Take pictures of your items";
				INFOPLIST_KEY_NSPhotoLibraryUsageDescription = "Photos of your items";
				INFOPLIST_KEY_UIApplicationSceneManifest_Generation = YES;
				INFOPLIST_KEY_UIApplicationSupportsIndirectInputEvents = YES;
				INFOPLIST_KEY_UILaunchScreen_Generation = YES;
				INFOPLIST_KEY_UISupportedInterfaceOrientations_iPad = "UIInterfaceOrientationPortrait UIInterfaceOrientationPortraitUpsideDown UIInterfaceOrientationLandscapeLeft UIInterfaceOrientationLandscapeRight";
				INFOPLIST_KEY_UISupportedInterfaceOrientations_iPhone = "UIInterfaceOrientationPortrait UIInterfaceOrientationLandscapeLeft UIInterfaceOrientationLandscapeRight";
				LD_RUNPATH_SEARCH_PATHS = (
					"$(inherited)",
					"@executable_path/Frameworks",
				);
				MARKETING_VERSION = 1.0;
				PRODUCT_BUNDLE_IDENTIFIER = "com.tonisucic.All-my-stuff";
				PRODUCT_NAME = "$(TARGET_NAME)";
				STRING_CATALOG_GENERATE_SYMBOLS = YES;
				SWIFT_APPROACHABLE_CONCURRENCY = YES;
				SWIFT_DEFAULT_ACTOR_ISOLATION = MainActor;
				SWIFT_EMIT_LOC_STRINGS = YES;
				SWIFT_UPCOMING_FEATURE_MEMBER_IMPORT_VISIBILITY = YES;
				SWIFT_VERSION = 5.0;
				TARGETED_DEVICE_FAMILY = "1,2";
			};
			name = Debug;
		};
		29F2691C2FE71C4A00D1CF7E /* Release */ = {
			isa = XCBuildConfiguration;
			buildSettings = {
				ASSETCATALOG_COMPILER_APPICON_NAME = AppIcon;
				ASSETCATALOG_COMPILER_GLOBAL_ACCENT_COLOR_NAME = AccentColor;
				CODE_SIGN_ENTITLEMENTS = "AllMyStuff/AllMyStuff.entitlements";
				CODE_SIGN_STYLE = Automatic;
				CURRENT_PROJECT_VERSION = 1;
				DEVELOPMENT_TEAM = FE6WMDZ3AJ;
				ENABLE_PREVIEWS = YES;
				GENERATE_INFOPLIST_FILE = YES;
				INFOPLIST_FILE = "All-my-stuff-Info.plist";
				INFOPLIST_KEY_NSCameraUsageDescription = "Take pictures of your items";
				INFOPLIST_KEY_NSPhotoLibraryUsageDescription = "Photos of your items";
				INFOPLIST_KEY_UIApplicationSceneManifest_Generation = YES;
				INFOPLIST_KEY_UIApplicationSupportsIndirectInputEvents = YES;
				INFOPLIST_KEY_UILaunchScreen_Generation = YES;
				INFOPLIST_KEY_UISupportedInterfaceOrientations_iPad = "UIInterfaceOrientationPortrait UIInterfaceOrientationPortraitUpsideDown UIInterfaceOrientationLandscapeLeft UIInterfaceOrientationLandscapeRight";
				INFOPLIST_KEY_UISupportedInterfaceOrientations_iPhone = "UIInterfaceOrientationPortrait UIInterfaceOrientationLandscapeLeft UIInterfaceOrientationLandscapeRight";
				LD_RUNPATH_SEARCH_PATHS = (
					"$(inherited)",
					"@executable_path/Frameworks",
				);
				MARKETING_VERSION = 1.0;
				PRODUCT_BUNDLE_IDENTIFIER = "com.tonisucic.All-my-stuff";
				PRODUCT_NAME = "$(TARGET_NAME)";
				STRING_CATALOG_GENERATE_SYMBOLS = YES;
				SWIFT_APPROACHABLE_CONCURRENCY = YES;
				SWIFT_DEFAULT_ACTOR_ISOLATION = MainActor;
				SWIFT_EMIT_LOC_STRINGS = YES;
				SWIFT_UPCOMING_FEATURE_MEMBER_IMPORT_VISIBILITY = YES;
				SWIFT_VERSION = 5.0;
				TARGETED_DEVICE_FAMILY = "1,2";
			};
			name = Release;
		};
		29F2691E2FE71C4A00D1CF7E /* Debug */ = {
			isa = XCBuildConfiguration;
			buildSettings = {
				BUNDLE_LOADER = "$(TEST_HOST)";
				CODE_SIGN_STYLE = Automatic;
				CURRENT_PROJECT_VERSION = 1;
				DEVELOPMENT_TEAM = FE6WMDZ3AJ;
				GENERATE_INFOPLIST_FILE = YES;
				IPHONEOS_DEPLOYMENT_TARGET = 26.5;
				MARKETING_VERSION = 1.0;
				PRODUCT_BUNDLE_IDENTIFIER = "com.tonisucic.All-my-stuffTests";
				PRODUCT_NAME = "$(TARGET_NAME)";
				STRING_CATALOG_GENERATE_SYMBOLS = NO;
				SWIFT_APPROACHABLE_CONCURRENCY = YES;
				SWIFT_EMIT_LOC_STRINGS = NO;
				SWIFT_UPCOMING_FEATURE_MEMBER_IMPORT_VISIBILITY = YES;
				SWIFT_VERSION = 5.0;
				TARGETED_DEVICE_FAMILY = "1,2";
				TEST_HOST = "$(BUILT_PRODUCTS_DIR)/AllMyStuff.app/$(BUNDLE_EXECUTABLE_FOLDER_PATH)/AllMyStuff";
			};
			name = Debug;
		};
		29F2691F2FE71C4A00D1CF7E /* Release */ = {
			isa = XCBuildConfiguration;
			buildSettings = {
				BUNDLE_LOADER = "$(TEST_HOST)";
				CODE_SIGN_STYLE = Automatic;
				CURRENT_PROJECT_VERSION = 1;
				DEVELOPMENT_TEAM = FE6WMDZ3AJ;
				GENERATE_INFOPLIST_FILE = YES;
				IPHONEOS_DEPLOYMENT_TARGET = 26.5;
				MARKETING_VERSION = 1.0;
				PRODUCT_BUNDLE_IDENTIFIER = "com.tonisucic.All-my-stuffTests";
				PRODUCT_NAME = "$(TARGET_NAME)";
				STRING_CATALOG_GENERATE_SYMBOLS = NO;
				SWIFT_APPROACHABLE_CONCURRENCY = YES;
				SWIFT_EMIT_LOC_STRINGS = NO;
				SWIFT_UPCOMING_FEATURE_MEMBER_IMPORT_VISIBILITY = YES;
				SWIFT_VERSION = 5.0;
				TARGETED_DEVICE_FAMILY = "1,2";
				TEST_HOST = "$(BUILT_PRODUCTS_DIR)/AllMyStuff.app/$(BUNDLE_EXECUTABLE_FOLDER_PATH)/AllMyStuff";
			};
			name = Release;
		};
		29F269212FE71C4A00D1CF7E /* Debug */ = {
			isa = XCBuildConfiguration;
			buildSettings = {
				CODE_SIGN_STYLE = Automatic;
				CURRENT_PROJECT_VERSION = 1;
				DEVELOPMENT_TEAM = FE6WMDZ3AJ;
				GENERATE_INFOPLIST_FILE = YES;
				MARKETING_VERSION = 1.0;
				PRODUCT_BUNDLE_IDENTIFIER = "com.tonisucic.All-my-stuffUITests";
				PRODUCT_NAME = "$(TARGET_NAME)";
				STRING_CATALOG_GENERATE_SYMBOLS = NO;
				SWIFT_APPROACHABLE_CONCURRENCY = YES;
				SWIFT_EMIT_LOC_STRINGS = NO;
				SWIFT_UPCOMING_FEATURE_MEMBER_IMPORT_VISIBILITY = YES;
				SWIFT_VERSION = 5.0;
				TARGETED_DEVICE_FAMILY = "1,2";
				TEST_TARGET_NAME = "AllMyStuff";
			};
			name = Debug;
		};
		29F269222FE71C4A00D1CF7E /* Release */ = {
			isa = XCBuildConfiguration;
			buildSettings = {
				CODE_SIGN_STYLE = Automatic;
				CURRENT_PROJECT_VERSION = 1;
				DEVELOPMENT_TEAM = FE6WMDZ3AJ;
				GENERATE_INFOPLIST_FILE = YES;
				MARKETING_VERSION = 1.0;
				PRODUCT_BUNDLE_IDENTIFIER = "com.tonisucic.All-my-stuffUITests";
				PRODUCT_NAME = "$(TARGET_NAME)";
				STRING_CATALOG_GENERATE_SYMBOLS = NO;
				SWIFT_APPROACHABLE_CONCURRENCY = YES;
				SWIFT_EMIT_LOC_STRINGS = NO;
				SWIFT_UPCOMING_FEATURE_MEMBER_IMPORT_VISIBILITY = YES;
				SWIFT_VERSION = 5.0;
				TARGETED_DEVICE_FAMILY = "1,2";
				TEST_TARGET_NAME = "AllMyStuff";
			};
			name = Release;
		};
/* End XCBuildConfiguration section */

/* Begin XCConfigurationList section */
		29F268F42FE71C4800D1CF7E /* Build configuration list for PBXProject "AllMyStuff" */ = {
			isa = XCConfigurationList;
			buildConfigurations = (
				29F269182FE71C4A00D1CF7E /* Debug */,
				29F269192FE71C4A00D1CF7E /* Release */,
			);
			defaultConfigurationIsVisible = 0;
			defaultConfigurationName = Release;
		};
		29F2691A2FE71C4A00D1CF7E /* Build configuration list for PBXNativeTarget "AllMyStuff" */ = {
			isa = XCConfigurationList;
			buildConfigurations = (
				29F2691B2FE71C4A00D1CF7E /* Debug */,
				29F2691C2FE71C4A00D1CF7E /* Release */,
			);
			defaultConfigurationIsVisible = 0;
			defaultConfigurationName = Release;
		};
		29F2691D2FE71C4A00D1CF7E /* Build configuration list for PBXNativeTarget "AllMyStuffTests" */ = {
			isa = XCConfigurationList;
			buildConfigurations = (
				29F2691E2FE71C4A00D1CF7E /* Debug */,
				29F2691F2FE71C4A00D1CF7E /* Release */,
			);
			defaultConfigurationIsVisible = 0;
			defaultConfigurationName = Release;
		};
		29F269202FE71C4A00D1CF7E /* Build configuration list for PBXNativeTarget "AllMyStuffUITests" */ = {
			isa = XCConfigurationList;
			buildConfigurations = (
				29F269212FE71C4A00D1CF7E /* Debug */,
				29F269222FE71C4A00D1CF7E /* Release */,
			);
			defaultConfigurationIsVisible = 0;
			defaultConfigurationName = Release;
		};
/* End XCConfigurationList section */

/* Begin XCRemoteSwiftPackageReference section */
		294B77E52FE7EB1D00ABC099 /* XCRemoteSwiftPackageReference "swift-dependencies" */ = {
			isa = XCRemoteSwiftPackageReference;
			repositoryURL = "https://github.com/pointfreeco/swift-dependencies";
			requirement = {
				kind = upToNextMajorVersion;
				minimumVersion = 1.14.1;
			};
		};
/* End XCRemoteSwiftPackageReference section */

/* Begin XCSwiftPackageProductDependency section */
		294B77E62FE7EB1D00ABC099 /* Dependencies */ = {
			isa = XCSwiftPackageProductDependency;
			package = 294B77E52FE7EB1D00ABC099 /* XCRemoteSwiftPackageReference "swift-dependencies" */;
			productName = Dependencies;
		};
		294B77E82FE7EB1D00ABC099 /* DependenciesMacros */ = {
			isa = XCSwiftPackageProductDependency;
			package = 294B77E52FE7EB1D00ABC099 /* XCRemoteSwiftPackageReference "swift-dependencies" */;
			productName = DependenciesMacros;
		};
		294B77EA2FE7EB1D00ABC099 /* DependenciesTestSupport */ = {
			isa = XCSwiftPackageProductDependency;
			package = 294B77E52FE7EB1D00ABC099 /* XCRemoteSwiftPackageReference "swift-dependencies" */;
			productName = DependenciesTestSupport;
		};
/* End XCSwiftPackageProductDependency section */
	};
	rootObject = 29F268F12FE71C4800D1CF7E /* Project object */;
}
